# THIS IS AN AUTOGENERATED FILE. DO NOT EDIT THIS FILE DIRECTLY.
# yarn lockfile v1


"@types/node@^20.7.0":
  version "20.7.0"
  resolved "https://registry.yarnpkg.com/@types/node/-/node-20.7.0.tgz#c03de4572f114a940bc2ca909a33ddb2b925e470"
  integrity sha512-zI22/pJW2wUZOVyguFaUL1HABdmSVxpXrzIqkjsHmyUjNhPoWM1CKfvVuXfetHhIok4RY573cqS0mZ1SJEnoTg==
